
Microsoft Visual Studio Solution File, Format Version 12.00
# Visual Studio Version 16
VisualStudioVersion = 16.0.31613.86
MinimumVisualStudioVersion = 10.0.40219.1
Project("{FAE04EC0-301F-11D3-BF4B-00C04F79EFBC}") = "Csharp4task", "Csharp4task\Csharp4task.csproj", "{34DDC1D7-9777-4490-A64A-F16441AC36DB}"
EndProject
Global
	GlobalSection(SolutionConfigurationPlatforms) = preSolution
		Debug|Any CPU = Debug|Any CPU
		Release|Any CPU = Release|Any CPU
	EndGlobalSection
	GlobalSection(ProjectConfigurationPlatforms) = postSolution
		{34DDC1D7-9777-4490-A64A-F16441AC36DB}.Debug|Any CPU.ActiveCfg = Debug|Any CPU
		{34DDC1D7-9777-4490-A64A-F16441AC36DB}.Debug|Any CPU.Build.0 = Debug|Any CPU
		{34DDC1D7-9777-4490-A64A-F16441AC36DB}.Release|Any CPU.ActiveCfg = Release|Any CPU
		{34DDC1D7-9777-4490-A64A-F16441AC36DB}.Release|Any CPU.Build.0 = Release|Any CPU
	EndGlobalSection
	GlobalSection(SolutionProperties) = preSolution
		HideSolutionNode = FALSE
	EndGlobalSection
	GlobalSection(ExtensibilityGlobals) = postSolution
		SolutionGuid = {DDDD57CE-7A24-4378-8631-E4CA188E78A9}
	EndGlobalSection
EndGlobal
